
Microsoft Visual Studio Solution File, Format Version 12.00
# Visual Studio 15
VisualStudioVersion = 15.0.27703.2042
MinimumVisualStudioVersion = 10.0.40219.1
Project("{9A19103F-16F7-4668-BE54-9A1E7A4F7556}") = "isogram-csharp-problem", "isogram-csharp-problem\isogram-csharp-problem.csproj", "{FFAA3584-3FC8-4B86-AB50-8486B7416ED7}"
EndProject
Project("{FAE04EC0-301F-11D3-BF4B-00C04F79EFBC}") = "Isogram.Tests", "Isogram.Tests\Isogram.Tests.csproj", "{A41D0C0C-58C9-43D6-9C8D-56ACEB19996B}"
EndProject
Global
	GlobalSection(SolutionConfigurationPlatforms) = preSolution
		Debug|Any CPU = Debug|Any CPU
		Release|Any CPU = Release|Any CPU
	EndGlobalSection
	GlobalSection(ProjectConfigurationPlatforms) = postSolution
		{FFAA3584-3FC8-4B86-AB50-8486B7416ED7}.Debug|Any CPU.ActiveCfg = Debug|Any CPU
		{FFAA3584-3FC8-4B86-AB50-8486B7416ED7}.Debug|Any CPU.Build.0 = Debug|Any CPU
		{FFAA3584-3FC8-4B86-AB50-8486B7416ED7}.Release|Any CPU.ActiveCfg = Release|Any CPU
		{FFAA3584-3FC8-4B86-AB50-8486B7416ED7}.Release|Any CPU.Build.0 = Release|Any CPU
		{A41D0C0C-58C9-43D6-9C8D-56ACEB19996B}.Debug|Any CPU.ActiveCfg = Debug|Any CPU
		{A41D0C0C-58C9-43D6-9C8D-56ACEB19996B}.Debug|Any CPU.Build.0 = Debug|Any CPU
		{A41D0C0C-58C9-43D6-9C8D-56ACEB19996B}.Release|Any CPU.ActiveCfg = Release|Any CPU
		{A41D0C0C-58C9-43D6-9C8D-56ACEB19996B}.Release|Any CPU.Build.0 = Release|Any CPU
	EndGlobalSection
	GlobalSection(SolutionProperties) = preSolution
		HideSolutionNode = FALSE
	EndGlobalSection
	GlobalSection(ExtensibilityGlobals) = postSolution
		SolutionGuid = {F17C2F52-CF90-4B45-A8FD-A84808245CBD}
	EndGlobalSection
EndGlobal
